
Microsoft Visual Studio Solution File, Format Version 12.00
# Visual Studio 15
VisualStudioVersion = 15.0.28010.2050
MinimumVisualStudioVersion = 10.0.40219.1
Project("{FAE04EC0-301F-11D3-BF4B-00C04F79EFBC}") = "StampRegister", "StampRegister\StampRegister.csproj", "{FBB1B8DA-97D6-4AB0-BCC0-4C1DC653A5E9}"
EndProject
Global
	GlobalSection(SolutionConfigurationPlatforms) = preSolution
		Debug|Any CPU = Debug|Any CPU
		Release|Any CPU = Release|Any CPU
	EndGlobalSection
	GlobalSection(ProjectConfigurationPlatforms) = postSolution
		{FBB1B8DA-97D6-4AB0-BCC0-4C1DC653A5E9}.Debug|Any CPU.ActiveCfg = Debug|Any CPU
		{FBB1B8DA-97D6-4AB0-BCC0-4C1DC653A5E9}.Debug|Any CPU.Build.0 = Debug|Any CPU
		{FBB1B8DA-97D6-4AB0-BCC0-4C1DC653A5E9}.Release|Any CPU.ActiveCfg = Release|Any CPU
		{FBB1B8DA-97D6-4AB0-BCC0-4C1DC653A5E9}.Release|Any CPU.Build.0 = Release|Any CPU
	EndGlobalSection
	GlobalSection(SolutionProperties) = preSolution
		HideSolutionNode = FALSE
	EndGlobalSection
	GlobalSection(ExtensibilityGlobals) = postSolution
		SolutionGuid = {BE859149-BDF5-48CF-9D8E-C10703262FB7}
	EndGlobalSection
EndGlobal
